
Microsoft Visual Studio Solution File, Format Version 11.00
# Visual Studio 2010
Project("{FAE04EC0-301F-11D3-BF4B-00C04F79EFBC}") = "Assembly-CSharp", "Assembly-CSharp.csproj", "{807E041A-8FB4-9534-C790-7677CAA3A998}"
EndProject
Global
	GlobalSection(SolutionConfigurationPlatforms) = preSolution
		Debug|Any CPU = Debug|Any CPU
		Release|Any CPU = Release|Any CPU
	EndGlobalSection
	GlobalSection(ProjectConfigurationPlatforms) = postSolution
		{807E041A-8FB4-9534-C790-7677CAA3A998}.Debug|Any CPU.ActiveCfg = Debug|Any CPU
		{807E041A-8FB4-9534-C790-7677CAA3A998}.Debug|Any CPU.Build.0 = Debug|Any CPU
		{807E041A-8FB4-9534-C790-7677CAA3A998}.Release|Any CPU.ActiveCfg = Release|Any CPU
		{807E041A-8FB4-9534-C790-7677CAA3A998}.Release|Any CPU.Build.0 = Release|Any CPU
	EndGlobalSection
	GlobalSection(SolutionProperties) = preSolution
		HideSolutionNode = FALSE
	EndGlobalSection
	GlobalSection(MonoDevelopProperties) = preSolution
		StartupItem = Assembly-CSharp.csproj
	EndGlobalSection
EndGlobal
